
Microsoft Visual Studio Solution File, Format Version 12.00
# Visual Studio Version 16
VisualStudioVersion = 16.0.31911.196
MinimumVisualStudioVersion = 10.0.40219.1
Project("{FAE04EC0-301F-11D3-BF4B-00C04F79EFBC}") = "momoWear", "momoWear\momoWear.csproj", "{B3EBF058-5BB8-4B39-9B84-6649FD5D861A}"
EndProject
Global
	GlobalSection(SolutionConfigurationPlatforms) = preSolution
		Debug|Any CPU = Debug|Any CPU
		Release|Any CPU = Release|Any CPU
	EndGlobalSection
	GlobalSection(ProjectConfigurationPlatforms) = postSolution
		{B3EBF058-5BB8-4B39-9B84-6649FD5D861A}.Debug|Any CPU.ActiveCfg = Debug|Any CPU
		{B3EBF058-5BB8-4B39-9B84-6649FD5D861A}.Debug|Any CPU.Build.0 = Debug|Any CPU
		{B3EBF058-5BB8-4B39-9B84-6649FD5D861A}.Release|Any CPU.ActiveCfg = Release|Any CPU
		{B3EBF058-5BB8-4B39-9B84-6649FD5D861A}.Release|Any CPU.Build.0 = Release|Any CPU
	EndGlobalSection
	GlobalSection(SolutionProperties) = preSolution
		HideSolutionNode = FALSE
	EndGlobalSection
	GlobalSection(ExtensibilityGlobals) = postSolution
		SolutionGuid = {9FDB67D3-C156-4298-9EBD-181103D6D0FB}
	EndGlobalSection
EndGlobal
